
Microsoft Visual Studio Solution File, Format Version 12.00
# Visual Studio 2012
Project("{FAE04EC0-301F-11D3-BF4B-00C04F79EFBC}") = "Victory", "Victory\Victory.csproj", "{01194182-7F20-439F-AF9D-D3112AC3FB34}"
EndProject
Global
	GlobalSection(SolutionConfigurationPlatforms) = preSolution
		Debug|Any CPU = Debug|Any CPU
		Release|Any CPU = Release|Any CPU
	EndGlobalSection
	GlobalSection(ProjectConfigurationPlatforms) = postSolution
		{01194182-7F20-439F-AF9D-D3112AC3FB34}.Debug|Any CPU.ActiveCfg = Debug|Any CPU
		{01194182-7F20-439F-AF9D-D3112AC3FB34}.Debug|Any CPU.Build.0 = Debug|Any CPU
		{01194182-7F20-439F-AF9D-D3112AC3FB34}.Release|Any CPU.ActiveCfg = Release|Any CPU
		{01194182-7F20-439F-AF9D-D3112AC3FB34}.Release|Any CPU.Build.0 = Release|Any CPU
	EndGlobalSection
	GlobalSection(SolutionProperties) = preSolution
		HideSolutionNode = FALSE
	EndGlobalSection
EndGlobal
